
Microsoft Visual Studio Solution File, Format Version 12.00
# Visual Studio 15
Project("{FAE04EC0-301F-11D3-BF4B-00C04F79EFBC}") = "GoogleMobileAds", "GoogleMobileAds.csproj", "{8503B5D2-747B-D02D-0713-F667BEFC205E}"
EndProject
Project("{FAE04EC0-301F-11D3-BF4B-00C04F79EFBC}") = "Assembly-CSharp", "Assembly-CSharp.csproj", "{650826DB-6D31-477D-4022-DD16DD85276E}"
EndProject
Project("{FAE04EC0-301F-11D3-BF4B-00C04F79EFBC}") = "Assembly-CSharp-firstpass", "Assembly-CSharp-firstpass.csproj", "{20C8B2AB-ABF6-16DD-3789-BEE58C7F9D7E}"
EndProject
Project("{FAE04EC0-301F-11D3-BF4B-00C04F79EFBC}") = "Assembly-CSharp-Editor", "Assembly-CSharp-Editor.csproj", "{51EC3BE4-91F9-3ABB-59C1-67FE290DC572}"
EndProject
Project("{FAE04EC0-301F-11D3-BF4B-00C04F79EFBC}") = "GoogleMobileAds.Editor", "GoogleMobileAds.Editor.csproj", "{326E7F48-6663-36E5-7066-8963032B0737}"
EndProject
Project("{FAE04EC0-301F-11D3-BF4B-00C04F79EFBC}") = "Assembly-CSharp-Editor-firstpass", "Assembly-CSharp-Editor-firstpass.csproj", "{774DC7FA-C4E0-28DA-89D2-9392561687A7}"
EndProject
Global
	GlobalSection(SolutionConfigurationPlatforms) = preSolution
		Debug|Any CPU = Debug|Any CPU
		Release|Any CPU = Release|Any CPU
	EndGlobalSection
	GlobalSection(ProjectConfigurationPlatforms) = postSolution
		{8503B5D2-747B-D02D-0713-F667BEFC205E}.Debug|Any CPU.ActiveCfg = Debug|Any CPU
		{8503B5D2-747B-D02D-0713-F667BEFC205E}.Debug|Any CPU.Build.0 = Debug|Any CPU
		{8503B5D2-747B-D02D-0713-F667BEFC205E}.Release|Any CPU.ActiveCfg = Release|Any CPU
		{8503B5D2-747B-D02D-0713-F667BEFC205E}.Release|Any CPU.Build.0 = Release|Any CPU
		{650826DB-6D31-477D-4022-DD16DD85276E}.Debug|Any CPU.ActiveCfg = Debug|Any CPU
		{650826DB-6D31-477D-4022-DD16DD85276E}.Debug|Any CPU.Build.0 = Debug|Any CPU
		{650826DB-6D31-477D-4022-DD16DD85276E}.Release|Any CPU.ActiveCfg = Release|Any CPU
		{650826DB-6D31-477D-4022-DD16DD85276E}.Release|Any CPU.Build.0 = Release|Any CPU
		{20C8B2AB-ABF6-16DD-3789-BEE58C7F9D7E}.Debug|Any CPU.ActiveCfg = Debug|Any CPU
		{20C8B2AB-ABF6-16DD-3789-BEE58C7F9D7E}.Debug|Any CPU.Build.0 = Debug|Any CPU
		{20C8B2AB-ABF6-16DD-3789-BEE58C7F9D7E}.Release|Any CPU.ActiveCfg = Release|Any CPU
		{20C8B2AB-ABF6-16DD-3789-BEE58C7F9D7E}.Release|Any CPU.Build.0 = Release|Any CPU
		{51EC3BE4-91F9-3ABB-59C1-67FE290DC572}.Debug|Any CPU.ActiveCfg = Debug|Any CPU
		{51EC3BE4-91F9-3ABB-59C1-67FE290DC572}.Debug|Any CPU.Build.0 = Debug|Any CPU
		{51EC3BE4-91F9-3ABB-59C1-67FE290DC572}.Release|Any CPU.ActiveCfg = Release|Any CPU
		{51EC3BE4-91F9-3ABB-59C1-67FE290DC572}.Release|Any CPU.Build.0 = Release|Any CPU
		{326E7F48-6663-36E5-7066-8963032B0737}.Debug|Any CPU.ActiveCfg = Debug|Any CPU
		{326E7F48-6663-36E5-7066-8963032B0737}.Debug|Any CPU.Build.0 = Debug|Any CPU
		{326E7F48-6663-36E5-7066-8963032B0737}.Release|Any CPU.ActiveCfg = Release|Any CPU
		{326E7F48-6663-36E5-7066-8963032B0737}.Release|Any CPU.Build.0 = Release|Any CPU
		{774DC7FA-C4E0-28DA-89D2-9392561687A7}.Debug|Any CPU.ActiveCfg = Debug|Any CPU
		{774DC7FA-C4E0-28DA-89D2-9392561687A7}.Debug|Any CPU.Build.0 = Debug|Any CPU
		{774DC7FA-C4E0-28DA-89D2-9392561687A7}.Release|Any CPU.ActiveCfg = Release|Any CPU
		{774DC7FA-C4E0-28DA-89D2-9392561687A7}.Release|Any CPU.Build.0 = Release|Any CPU
	EndGlobalSection
	GlobalSection(SolutionProperties) = preSolution
		HideSolutionNode = FALSE
	EndGlobalSection
	GlobalSection(MonoDevelopProperties) = preSolution
		StartupItem = Assembly-CSharp.csproj
	EndGlobalSection
EndGlobal
